
Microsoft Visual Studio Solution File, Format Version 12.00
# Visual Studio Version 16
VisualStudioVersion = 16.0.28917.181
MinimumVisualStudioVersion = 10.0.40219.1
Project("{9A19103F-16F7-4668-BE54-9A1E7A4F7556}") = "AzDeviceStreaming", "AzDeviceStreaming\AzDeviceStreaming.csproj", "{DAA4A52E-C175-4B0A-921D-050DB55874E2}"
EndProject
Project("{9A19103F-16F7-4668-BE54-9A1E7A4F7556}") = "AzureConnections", "AzureConnections\AzureConnections.csproj", "{02549731-8979-48BB-BD26-D313828C3AAC}"
EndProject
Project("{FAE04EC0-301F-11D3-BF4B-00C04F79EFBC}") = "AzDeviceStreamingApp", "UWP_Xaml_App\AzDeviceStreamingApp.csproj", "{54396A12-9EB5-4CA1-A82C-2A3970088520}"
EndProject
Project("{9A19103F-16F7-4668-BE54-9A1E7A4F7556}") = "DNCore_DeviceApp", "DNCore_DeviceApp\DNCore_DeviceApp.csproj", "{5300F2F9-9930-48BA-9340-ED93726C5D7E}"
EndProject
Project("{9A19103F-16F7-4668-BE54-9A1E7A4F7556}") = "DNCore_ServiceApp", "DNCore_ServiceApp\DNCore_ServiceApp.csproj", "{F2374E3F-2A46-4F28-A3EC-36A687BC2CD1}"
EndProject
Project("{FAE04EC0-301F-11D3-BF4B-00C04F79EFBC}") = "UWP_BGAppAzDeviceStream_Device", "UWP_BGAppAzDeviceStream_Device\UWP_BGAppAzDeviceStream_Device.csproj", "{AC4BA951-F59D-42B6-964B-9B58C17AD8A1}"
EndProject
Project("{FAE04EC0-301F-11D3-BF4B-00C04F79EFBC}") = "UWP_BGAppAzDeviceStreamSvc2", "UWP_BGAppAzDeviceStreamSvc2\UWP_BGAppAzDeviceStreamSvc2.csproj", "{A65A081D-38D9-4F87-87CF-B029C32851E2}"
EndProject
Project("{FAE04EC0-301F-11D3-BF4B-00C04F79EFBC}") = "UWP_Console_SvcApp", "UWP_Console_SvcApp\UWP_Console_SvcApp.csproj", "{9AC39175-4B13-442B-82C3-18AFFD2A238B}"
EndProject
Project("{9A19103F-16F7-4668-BE54-9A1E7A4F7556}") = "DNCore_OrigEchoSample_DeviceClientStreaming", "device-streams-echo\device\DNCore_OrigEchoSample_DeviceClientStreaming.csproj", "{890CCFEF-0DCF-42C0-8A44-DF4166F199B5}"
EndProject
Project("{9A19103F-16F7-4668-BE54-9A1E7A4F7556}") = "DNCore_OrigEchoSample_ServiceClientStreaming", "device-streams-echo\service\DNCore_OrigEchoSample_ServiceClientStreaming.csproj", "{830F143B-59C0-4027-A94B-6D4C05D242B1}"
EndProject
Project("{FAE04EC0-301F-11D3-BF4B-00C04F79EFBC}") = "UWP_Console_DeviceApp", "UWP_Console_DeviceApp\UWP_Console_DeviceApp.csproj", "{6BE9E64C-76C5-4B4F-9BE4-3450D08D25D5}"
EndProject
Project("{9A19103F-16F7-4668-BE54-9A1E7A4F7556}") = "AzIoTHubModules", "AzIoTHubModues\AzIoTHubModules.csproj", "{F6B57A33-866E-4189-B93D-0FA270E156E5}"
EndProject
Global
	GlobalSection(SolutionConfigurationPlatforms) = preSolution
		Debug|Any CPU = Debug|Any CPU
		Debug|ARM = Debug|ARM
		Debug|ARM64 = Debug|ARM64
		Debug|x64 = Debug|x64
		Debug|x86 = Debug|x86
		Release|Any CPU = Release|Any CPU
		Release|ARM = Release|ARM
		Release|ARM64 = Release|ARM64
		Release|x64 = Release|x64
		Release|x86 = Release|x86
	EndGlobalSection
	GlobalSection(ProjectConfigurationPlatforms) = postSolution
		{DAA4A52E-C175-4B0A-921D-050DB55874E2}.Debug|Any CPU.ActiveCfg = Debug|Any CPU
		{DAA4A52E-C175-4B0A-921D-050DB55874E2}.Debug|Any CPU.Build.0 = Debug|Any CPU
		{DAA4A52E-C175-4B0A-921D-050DB55874E2}.Debug|ARM.ActiveCfg = Debug|Any CPU
		{DAA4A52E-C175-4B0A-921D-050DB55874E2}.Debug|ARM.Build.0 = Debug|Any CPU
		{DAA4A52E-C175-4B0A-921D-050DB55874E2}.Debug|ARM64.ActiveCfg = Debug|Any CPU
		{DAA4A52E-C175-4B0A-921D-050DB55874E2}.Debug|ARM64.Build.0 = Debug|Any CPU
		{DAA4A52E-C175-4B0A-921D-050DB55874E2}.Debug|x64.ActiveCfg = Debug|Any CPU
		{DAA4A52E-C175-4B0A-921D-050DB55874E2}.Debug|x64.Build.0 = Debug|Any CPU
		{DAA4A52E-C175-4B0A-921D-050DB55874E2}.Debug|x86.ActiveCfg = Debug|Any CPU
		{DAA4A52E-C175-4B0A-921D-050DB55874E2}.Debug|x86.Build.0 = Debug|Any CPU
		{DAA4A52E-C175-4B0A-921D-050DB55874E2}.Release|Any CPU.ActiveCfg = Release|Any CPU
		{DAA4A52E-C175-4B0A-921D-050DB55874E2}.Release|Any CPU.Build.0 = Release|Any CPU
		{DAA4A52E-C175-4B0A-921D-050DB55874E2}.Release|ARM.ActiveCfg = Release|Any CPU
		{DAA4A52E-C175-4B0A-921D-050DB55874E2}.Release|ARM.Build.0 = Release|Any CPU
		{DAA4A52E-C175-4B0A-921D-050DB55874E2}.Release|ARM64.ActiveCfg = Release|Any CPU
		{DAA4A52E-C175-4B0A-921D-050DB55874E2}.Release|ARM64.Build.0 = Release|Any CPU
		{DAA4A52E-C175-4B0A-921D-050DB55874E2}.Release|x64.ActiveCfg = Release|Any CPU
		{DAA4A52E-C175-4B0A-921D-050DB55874E2}.Release|x64.Build.0 = Release|Any CPU
		{DAA4A52E-C175-4B0A-921D-050DB55874E2}.Release|x86.ActiveCfg = Release|Any CPU
		{DAA4A52E-C175-4B0A-921D-050DB55874E2}.Release|x86.Build.0 = Release|Any CPU
		{02549731-8979-48BB-BD26-D313828C3AAC}.Debug|Any CPU.ActiveCfg = Debug|Any CPU
		{02549731-8979-48BB-BD26-D313828C3AAC}.Debug|Any CPU.Build.0 = Debug|Any CPU
		{02549731-8979-48BB-BD26-D313828C3AAC}.Debug|ARM.ActiveCfg = Debug|Any CPU
		{02549731-8979-48BB-BD26-D313828C3AAC}.Debug|ARM.Build.0 = Debug|Any CPU
		{02549731-8979-48BB-BD26-D313828C3AAC}.Debug|ARM64.ActiveCfg = Debug|Any CPU
		{02549731-8979-48BB-BD26-D313828C3AAC}.Debug|ARM64.Build.0 = Debug|Any CPU
		{02549731-8979-48BB-BD26-D313828C3AAC}.Debug|x64.ActiveCfg = Debug|Any CPU
		{02549731-8979-48BB-BD26-D313828C3AAC}.Debug|x64.Build.0 = Debug|Any CPU
		{02549731-8979-48BB-BD26-D313828C3AAC}.Debug|x86.ActiveCfg = Debug|Any CPU
		{02549731-8979-48BB-BD26-D313828C3AAC}.Debug|x86.Build.0 = Debug|Any CPU
		{02549731-8979-48BB-BD26-D313828C3AAC}.Release|Any CPU.ActiveCfg = Release|Any CPU
		{02549731-8979-48BB-BD26-D313828C3AAC}.Release|Any CPU.Build.0 = Release|Any CPU
		{02549731-8979-48BB-BD26-D313828C3AAC}.Release|ARM.ActiveCfg = Release|Any CPU
		{02549731-8979-48BB-BD26-D313828C3AAC}.Release|ARM.Build.0 = Release|Any CPU
		{02549731-8979-48BB-BD26-D313828C3AAC}.Release|ARM64.ActiveCfg = Release|Any CPU
		{02549731-8979-48BB-BD26-D313828C3AAC}.Release|ARM64.Build.0 = Release|Any CPU
		{02549731-8979-48BB-BD26-D313828C3AAC}.Release|x64.ActiveCfg = Release|Any CPU
		{02549731-8979-48BB-BD26-D313828C3AAC}.Release|x64.Build.0 = Release|Any CPU
		{02549731-8979-48BB-BD26-D313828C3AAC}.Release|x86.ActiveCfg = Release|Any CPU
		{02549731-8979-48BB-BD26-D313828C3AAC}.Release|x86.Build.0 = Release|Any CPU
		{54396A12-9EB5-4CA1-A82C-2A3970088520}.Debug|Any CPU.ActiveCfg = Debug|x86
		{54396A12-9EB5-4CA1-A82C-2A3970088520}.Debug|ARM.ActiveCfg = Debug|ARM
		{54396A12-9EB5-4CA1-A82C-2A3970088520}.Debug|ARM.Build.0 = Debug|ARM
		{54396A12-9EB5-4CA1-A82C-2A3970088520}.Debug|ARM.Deploy.0 = Debug|ARM
		{54396A12-9EB5-4CA1-A82C-2A3970088520}.Debug|ARM64.ActiveCfg = Debug|ARM64
		{54396A12-9EB5-4CA1-A82C-2A3970088520}.Debug|ARM64.Build.0 = Debug|ARM64
		{54396A12-9EB5-4CA1-A82C-2A3970088520}.Debug|ARM64.Deploy.0 = Debug|ARM64
		{54396A12-9EB5-4CA1-A82C-2A3970088520}.Debug|x64.ActiveCfg = Debug|x64
		{54396A12-9EB5-4CA1-A82C-2A3970088520}.Debug|x64.Build.0 = Debug|x64
		{54396A12-9EB5-4CA1-A82C-2A3970088520}.Debug|x64.Deploy.0 = Debug|x64
		{54396A12-9EB5-4CA1-A82C-2A3970088520}.Debug|x86.ActiveCfg = Debug|x86
		{54396A12-9EB5-4CA1-A82C-2A3970088520}.Debug|x86.Build.0 = Debug|x86
		{54396A12-9EB5-4CA1-A82C-2A3970088520}.Debug|x86.Deploy.0 = Debug|x86
		{54396A12-9EB5-4CA1-A82C-2A3970088520}.Release|Any CPU.ActiveCfg = Release|x86
		{54396A12-9EB5-4CA1-A82C-2A3970088520}.Release|ARM.ActiveCfg = Release|ARM
		{54396A12-9EB5-4CA1-A82C-2A3970088520}.Release|ARM.Build.0 = Release|ARM
		{54396A12-9EB5-4CA1-A82C-2A3970088520}.Release|ARM.Deploy.0 = Release|ARM
		{54396A12-9EB5-4CA1-A82C-2A3970088520}.Release|ARM64.ActiveCfg = Release|ARM64
		{54396A12-9EB5-4CA1-A82C-2A3970088520}.Release|ARM64.Build.0 = Release|ARM64
		{54396A12-9EB5-4CA1-A82C-2A3970088520}.Release|ARM64.Deploy.0 = Release|ARM64
		{54396A12-9EB5-4CA1-A82C-2A3970088520}.Release|x64.ActiveCfg = Release|x64
		{54396A12-9EB5-4CA1-A82C-2A3970088520}.Release|x64.Build.0 = Release|x64
		{54396A12-9EB5-4CA1-A82C-2A3970088520}.Release|x64.Deploy.0 = Release|x64
		{54396A12-9EB5-4CA1-A82C-2A3970088520}.Release|x86.ActiveCfg = Release|x86
		{54396A12-9EB5-4CA1-A82C-2A3970088520}.Release|x86.Build.0 = Release|x86
		{54396A12-9EB5-4CA1-A82C-2A3970088520}.Release|x86.Deploy.0 = Release|x86
		{5300F2F9-9930-48BA-9340-ED93726C5D7E}.Debug|Any CPU.ActiveCfg = Debug|Any CPU
		{5300F2F9-9930-48BA-9340-ED93726C5D7E}.Debug|Any CPU.Build.0 = Debug|Any CPU
		{5300F2F9-9930-48BA-9340-ED93726C5D7E}.Debug|ARM.ActiveCfg = Debug|Any CPU
		{5300F2F9-9930-48BA-9340-ED93726C5D7E}.Debug|ARM.Build.0 = Debug|Any CPU
		{5300F2F9-9930-48BA-9340-ED93726C5D7E}.Debug|ARM64.ActiveCfg = Debug|Any CPU
		{5300F2F9-9930-48BA-9340-ED93726C5D7E}.Debug|ARM64.Build.0 = Debug|Any CPU
		{5300F2F9-9930-48BA-9340-ED93726C5D7E}.Debug|x64.ActiveCfg = Debug|Any CPU
		{5300F2F9-9930-48BA-9340-ED93726C5D7E}.Debug|x86.ActiveCfg = Debug|Any CPU
		{5300F2F9-9930-48BA-9340-ED93726C5D7E}.Release|Any CPU.ActiveCfg = Release|Any CPU
		{5300F2F9-9930-48BA-9340-ED93726C5D7E}.Release|Any CPU.Build.0 = Release|Any CPU
		{5300F2F9-9930-48BA-9340-ED93726C5D7E}.Release|ARM.ActiveCfg = Release|Any CPU
		{5300F2F9-9930-48BA-9340-ED93726C5D7E}.Release|ARM.Build.0 = Release|Any CPU
		{5300F2F9-9930-48BA-9340-ED93726C5D7E}.Release|ARM64.ActiveCfg = Release|Any CPU
		{5300F2F9-9930-48BA-9340-ED93726C5D7E}.Release|ARM64.Build.0 = Release|Any CPU
		{5300F2F9-9930-48BA-9340-ED93726C5D7E}.Release|x64.ActiveCfg = Release|Any CPU
		{5300F2F9-9930-48BA-9340-ED93726C5D7E}.Release|x64.Build.0 = Release|Any CPU
		{5300F2F9-9930-48BA-9340-ED93726C5D7E}.Release|x86.ActiveCfg = Release|Any CPU
		{5300F2F9-9930-48BA-9340-ED93726C5D7E}.Release|x86.Build.0 = Release|Any CPU
		{F2374E3F-2A46-4F28-A3EC-36A687BC2CD1}.Debug|Any CPU.ActiveCfg = Debug|Any CPU
		{F2374E3F-2A46-4F28-A3EC-36A687BC2CD1}.Debug|Any CPU.Build.0 = Debug|Any CPU
		{F2374E3F-2A46-4F28-A3EC-36A687BC2CD1}.Debug|ARM.ActiveCfg = Debug|Any CPU
		{F2374E3F-2A46-4F28-A3EC-36A687BC2CD1}.Debug|ARM.Build.0 = Debug|Any CPU
		{F2374E3F-2A46-4F28-A3EC-36A687BC2CD1}.Debug|ARM64.ActiveCfg = Debug|Any CPU
		{F2374E3F-2A46-4F28-A3EC-36A687BC2CD1}.Debug|ARM64.Build.0 = Debug|Any CPU
		{F2374E3F-2A46-4F28-A3EC-36A687BC2CD1}.Debug|x64.ActiveCfg = Debug|Any CPU
		{F2374E3F-2A46-4F28-A3EC-36A687BC2CD1}.Debug|x86.ActiveCfg = Debug|Any CPU
		{F2374E3F-2A46-4F28-A3EC-36A687BC2CD1}.Release|Any CPU.ActiveCfg = Release|Any CPU
		{F2374E3F-2A46-4F28-A3EC-36A687BC2CD1}.Release|Any CPU.Build.0 = Release|Any CPU
		{F2374E3F-2A46-4F28-A3EC-36A687BC2CD1}.Release|ARM.ActiveCfg = Release|Any CPU
		{F2374E3F-2A46-4F28-A3EC-36A687BC2CD1}.Release|ARM.Build.0 = Release|Any CPU
		{F2374E3F-2A46-4F28-A3EC-36A687BC2CD1}.Release|ARM64.ActiveCfg = Release|Any CPU
		{F2374E3F-2A46-4F28-A3EC-36A687BC2CD1}.Release|ARM64.Build.0 = Release|Any CPU
		{F2374E3F-2A46-4F28-A3EC-36A687BC2CD1}.Release|x64.ActiveCfg = Release|Any CPU
		{F2374E3F-2A46-4F28-A3EC-36A687BC2CD1}.Release|x64.Build.0 = Release|Any CPU
		{F2374E3F-2A46-4F28-A3EC-36A687BC2CD1}.Release|x86.ActiveCfg = Release|Any CPU
		{F2374E3F-2A46-4F28-A3EC-36A687BC2CD1}.Release|x86.Build.0 = Release|Any CPU
		{AC4BA951-F59D-42B6-964B-9B58C17AD8A1}.Debug|Any CPU.ActiveCfg = Debug|x86
		{AC4BA951-F59D-42B6-964B-9B58C17AD8A1}.Debug|ARM.ActiveCfg = Debug|ARM
		{AC4BA951-F59D-42B6-964B-9B58C17AD8A1}.Debug|ARM.Build.0 = Debug|ARM
		{AC4BA951-F59D-42B6-964B-9B58C17AD8A1}.Debug|ARM.Deploy.0 = Debug|ARM
		{AC4BA951-F59D-42B6-964B-9B58C17AD8A1}.Debug|ARM64.ActiveCfg = Debug|x86
		{AC4BA951-F59D-42B6-964B-9B58C17AD8A1}.Debug|x64.ActiveCfg = Debug|x64
		{AC4BA951-F59D-42B6-964B-9B58C17AD8A1}.Debug|x64.Build.0 = Debug|x64
		{AC4BA951-F59D-42B6-964B-9B58C17AD8A1}.Debug|x64.Deploy.0 = Debug|x64
		{AC4BA951-F59D-42B6-964B-9B58C17AD8A1}.Debug|x86.ActiveCfg = Debug|x86
		{AC4BA951-F59D-42B6-964B-9B58C17AD8A1}.Debug|x86.Build.0 = Debug|x86
		{AC4BA951-F59D-42B6-964B-9B58C17AD8A1}.Debug|x86.Deploy.0 = Debug|x86
		{AC4BA951-F59D-42B6-964B-9B58C17AD8A1}.Release|Any CPU.ActiveCfg = Release|x86
		{AC4BA951-F59D-42B6-964B-9B58C17AD8A1}.Release|ARM.ActiveCfg = Release|ARM
		{AC4BA951-F59D-42B6-964B-9B58C17AD8A1}.Release|ARM.Build.0 = Release|ARM
		{AC4BA951-F59D-42B6-964B-9B58C17AD8A1}.Release|ARM.Deploy.0 = Release|ARM
		{AC4BA951-F59D-42B6-964B-9B58C17AD8A1}.Release|ARM64.ActiveCfg = Release|x86
		{AC4BA951-F59D-42B6-964B-9B58C17AD8A1}.Release|x64.ActiveCfg = Release|x64
		{AC4BA951-F59D-42B6-964B-9B58C17AD8A1}.Release|x64.Build.0 = Release|x64
		{AC4BA951-F59D-42B6-964B-9B58C17AD8A1}.Release|x64.Deploy.0 = Release|x64
		{AC4BA951-F59D-42B6-964B-9B58C17AD8A1}.Release|x86.ActiveCfg = Release|x86
		{AC4BA951-F59D-42B6-964B-9B58C17AD8A1}.Release|x86.Build.0 = Release|x86
		{AC4BA951-F59D-42B6-964B-9B58C17AD8A1}.Release|x86.Deploy.0 = Release|x86
		{A65A081D-38D9-4F87-87CF-B029C32851E2}.Debug|Any CPU.ActiveCfg = Debug|x86
		{A65A081D-38D9-4F87-87CF-B029C32851E2}.Debug|ARM.ActiveCfg = Debug|ARM
		{A65A081D-38D9-4F87-87CF-B029C32851E2}.Debug|ARM.Build.0 = Debug|ARM
		{A65A081D-38D9-4F87-87CF-B029C32851E2}.Debug|ARM.Deploy.0 = Debug|ARM
		{A65A081D-38D9-4F87-87CF-B029C32851E2}.Debug|ARM64.ActiveCfg = Debug|x86
		{A65A081D-38D9-4F87-87CF-B029C32851E2}.Debug|x64.ActiveCfg = Debug|x64
		{A65A081D-38D9-4F87-87CF-B029C32851E2}.Debug|x64.Build.0 = Debug|x64
		{A65A081D-38D9-4F87-87CF-B029C32851E2}.Debug|x64.Deploy.0 = Debug|x64
		{A65A081D-38D9-4F87-87CF-B029C32851E2}.Debug|x86.ActiveCfg = Debug|x86
		{A65A081D-38D9-4F87-87CF-B029C32851E2}.Debug|x86.Build.0 = Debug|x86
		{A65A081D-38D9-4F87-87CF-B029C32851E2}.Debug|x86.Deploy.0 = Debug|x86
		{A65A081D-38D9-4F87-87CF-B029C32851E2}.Release|Any CPU.ActiveCfg = Release|x86
		{A65A081D-38D9-4F87-87CF-B029C32851E2}.Release|ARM.ActiveCfg = Release|ARM
		{A65A081D-38D9-4F87-87CF-B029C32851E2}.Release|ARM.Build.0 = Release|ARM
		{A65A081D-38D9-4F87-87CF-B029C32851E2}.Release|ARM.Deploy.0 = Release|ARM
		{A65A081D-38D9-4F87-87CF-B029C32851E2}.Release|ARM64.ActiveCfg = Release|x86
		{A65A081D-38D9-4F87-87CF-B029C32851E2}.Release|x64.ActiveCfg = Release|x64
		{A65A081D-38D9-4F87-87CF-B029C32851E2}.Release|x64.Build.0 = Release|x64
		{A65A081D-38D9-4F87-87CF-B029C32851E2}.Release|x64.Deploy.0 = Release|x64
		{A65A081D-38D9-4F87-87CF-B029C32851E2}.Release|x86.ActiveCfg = Release|x86
		{A65A081D-38D9-4F87-87CF-B029C32851E2}.Release|x86.Build.0 = Release|x86
		{A65A081D-38D9-4F87-87CF-B029C32851E2}.Release|x86.Deploy.0 = Release|x86
		{9AC39175-4B13-442B-82C3-18AFFD2A238B}.Debug|Any CPU.ActiveCfg = Debug|x86
		{9AC39175-4B13-442B-82C3-18AFFD2A238B}.Debug|ARM.ActiveCfg = Debug|ARM
		{9AC39175-4B13-442B-82C3-18AFFD2A238B}.Debug|ARM.Build.0 = Debug|ARM
		{9AC39175-4B13-442B-82C3-18AFFD2A238B}.Debug|ARM.Deploy.0 = Debug|ARM
		{9AC39175-4B13-442B-82C3-18AFFD2A238B}.Debug|ARM64.ActiveCfg = Debug|ARM64
		{9AC39175-4B13-442B-82C3-18AFFD2A238B}.Debug|ARM64.Build.0 = Debug|ARM64
		{9AC39175-4B13-442B-82C3-18AFFD2A238B}.Debug|ARM64.Deploy.0 = Debug|ARM64
		{9AC39175-4B13-442B-82C3-18AFFD2A238B}.Debug|x64.ActiveCfg = Debug|x64
		{9AC39175-4B13-442B-82C3-18AFFD2A238B}.Debug|x64.Build.0 = Debug|x64
		{9AC39175-4B13-442B-82C3-18AFFD2A238B}.Debug|x64.Deploy.0 = Debug|x64
		{9AC39175-4B13-442B-82C3-18AFFD2A238B}.Debug|x86.ActiveCfg = Debug|x86
		{9AC39175-4B13-442B-82C3-18AFFD2A238B}.Debug|x86.Build.0 = Debug|x86
		{9AC39175-4B13-442B-82C3-18AFFD2A238B}.Debug|x86.Deploy.0 = Debug|x86
		{9AC39175-4B13-442B-82C3-18AFFD2A238B}.Release|Any CPU.ActiveCfg = Release|x86
		{9AC39175-4B13-442B-82C3-18AFFD2A238B}.Release|ARM.ActiveCfg = Release|ARM
		{9AC39175-4B13-442B-82C3-18AFFD2A238B}.Release|ARM.Build.0 = Release|ARM
		{9AC39175-4B13-442B-82C3-18AFFD2A238B}.Release|ARM.Deploy.0 = Release|ARM
		{9AC39175-4B13-442B-82C3-18AFFD2A238B}.Release|ARM64.ActiveCfg = Release|ARM64
		{9AC39175-4B13-442B-82C3-18AFFD2A238B}.Release|ARM64.Build.0 = Release|ARM64
		{9AC39175-4B13-442B-82C3-18AFFD2A238B}.Release|ARM64.Deploy.0 = Release|ARM64
		{9AC39175-4B13-442B-82C3-18AFFD2A238B}.Release|x64.ActiveCfg = Release|x64
		{9AC39175-4B13-442B-82C3-18AFFD2A238B}.Release|x64.Build.0 = Release|x64
		{9AC39175-4B13-442B-82C3-18AFFD2A238B}.Release|x64.Deploy.0 = Release|x64
		{9AC39175-4B13-442B-82C3-18AFFD2A238B}.Release|x86.ActiveCfg = Release|x86
		{9AC39175-4B13-442B-82C3-18AFFD2A238B}.Release|x86.Build.0 = Release|x86
		{9AC39175-4B13-442B-82C3-18AFFD2A238B}.Release|x86.Deploy.0 = Release|x86
		{890CCFEF-0DCF-42C0-8A44-DF4166F199B5}.Debug|Any CPU.ActiveCfg = Debug|Any CPU
		{890CCFEF-0DCF-42C0-8A44-DF4166F199B5}.Debug|Any CPU.Build.0 = Debug|Any CPU
		{890CCFEF-0DCF-42C0-8A44-DF4166F199B5}.Debug|ARM.ActiveCfg = Debug|Any CPU
		{890CCFEF-0DCF-42C0-8A44-DF4166F199B5}.Debug|ARM.Build.0 = Debug|Any CPU
		{890CCFEF-0DCF-42C0-8A44-DF4166F199B5}.Debug|ARM64.ActiveCfg = Debug|Any CPU
		{890CCFEF-0DCF-42C0-8A44-DF4166F199B5}.Debug|ARM64.Build.0 = Debug|Any CPU
		{890CCFEF-0DCF-42C0-8A44-DF4166F199B5}.Debug|x64.ActiveCfg = Debug|Any CPU
		{890CCFEF-0DCF-42C0-8A44-DF4166F199B5}.Debug|x86.ActiveCfg = Debug|Any CPU
		{890CCFEF-0DCF-42C0-8A44-DF4166F199B5}.Debug|x86.Build.0 = Debug|Any CPU
		{890CCFEF-0DCF-42C0-8A44-DF4166F199B5}.Release|Any CPU.ActiveCfg = Release|Any CPU
		{890CCFEF-0DCF-42C0-8A44-DF4166F199B5}.Release|Any CPU.Build.0 = Release|Any CPU
		{890CCFEF-0DCF-42C0-8A44-DF4166F199B5}.Release|ARM.ActiveCfg = Release|Any CPU
		{890CCFEF-0DCF-42C0-8A44-DF4166F199B5}.Release|ARM.Build.0 = Release|Any CPU
		{890CCFEF-0DCF-42C0-8A44-DF4166F199B5}.Release|ARM64.ActiveCfg = Release|Any CPU
		{890CCFEF-0DCF-42C0-8A44-DF4166F199B5}.Release|ARM64.Build.0 = Release|Any CPU
		{890CCFEF-0DCF-42C0-8A44-DF4166F199B5}.Release|x64.ActiveCfg = Release|Any CPU
		{890CCFEF-0DCF-42C0-8A44-DF4166F199B5}.Release|x64.Build.0 = Release|Any CPU
		{890CCFEF-0DCF-42C0-8A44-DF4166F199B5}.Release|x86.ActiveCfg = Release|Any CPU
		{890CCFEF-0DCF-42C0-8A44-DF4166F199B5}.Release|x86.Build.0 = Release|Any CPU
		{830F143B-59C0-4027-A94B-6D4C05D242B1}.Debug|Any CPU.ActiveCfg = Debug|Any CPU
		{830F143B-59C0-4027-A94B-6D4C05D242B1}.Debug|Any CPU.Build.0 = Debug|Any CPU
		{830F143B-59C0-4027-A94B-6D4C05D242B1}.Debug|ARM.ActiveCfg = Debug|Any CPU
		{830F143B-59C0-4027-A94B-6D4C05D242B1}.Debug|ARM.Build.0 = Debug|Any CPU
		{830F143B-59C0-4027-A94B-6D4C05D242B1}.Debug|ARM64.ActiveCfg = Debug|Any CPU
		{830F143B-59C0-4027-A94B-6D4C05D242B1}.Debug|ARM64.Build.0 = Debug|Any CPU
		{830F143B-59C0-4027-A94B-6D4C05D242B1}.Debug|x64.ActiveCfg = Debug|Any CPU
		{830F143B-59C0-4027-A94B-6D4C05D242B1}.Debug|x86.ActiveCfg = Debug|Any CPU
		{830F143B-59C0-4027-A94B-6D4C05D242B1}.Debug|x86.Build.0 = Debug|Any CPU
		{830F143B-59C0-4027-A94B-6D4C05D242B1}.Release|Any CPU.ActiveCfg = Release|Any CPU
		{830F143B-59C0-4027-A94B-6D4C05D242B1}.Release|Any CPU.Build.0 = Release|Any CPU
		{830F143B-59C0-4027-A94B-6D4C05D242B1}.Release|ARM.ActiveCfg = Release|Any CPU
		{830F143B-59C0-4027-A94B-6D4C05D242B1}.Release|ARM.Build.0 = Release|Any CPU
		{830F143B-59C0-4027-A94B-6D4C05D242B1}.Release|ARM64.ActiveCfg = Release|Any CPU
		{830F143B-59C0-4027-A94B-6D4C05D242B1}.Release|ARM64.Build.0 = Release|Any CPU
		{830F143B-59C0-4027-A94B-6D4C05D242B1}.Release|x64.ActiveCfg = Release|Any CPU
		{830F143B-59C0-4027-A94B-6D4C05D242B1}.Release|x64.Build.0 = Release|Any CPU
		{830F143B-59C0-4027-A94B-6D4C05D242B1}.Release|x86.ActiveCfg = Release|Any CPU
		{830F143B-59C0-4027-A94B-6D4C05D242B1}.Release|x86.Build.0 = Release|Any CPU
		{6BE9E64C-76C5-4B4F-9BE4-3450D08D25D5}.Debug|Any CPU.ActiveCfg = Debug|x86
		{6BE9E64C-76C5-4B4F-9BE4-3450D08D25D5}.Debug|ARM.ActiveCfg = Debug|ARM
		{6BE9E64C-76C5-4B4F-9BE4-3450D08D25D5}.Debug|ARM.Build.0 = Debug|ARM
		{6BE9E64C-76C5-4B4F-9BE4-3450D08D25D5}.Debug|ARM.Deploy.0 = Debug|ARM
		{6BE9E64C-76C5-4B4F-9BE4-3450D08D25D5}.Debug|ARM64.ActiveCfg = Debug|ARM64
		{6BE9E64C-76C5-4B4F-9BE4-3450D08D25D5}.Debug|ARM64.Build.0 = Debug|ARM64
		{6BE9E64C-76C5-4B4F-9BE4-3450D08D25D5}.Debug|ARM64.Deploy.0 = Debug|ARM64
		{6BE9E64C-76C5-4B4F-9BE4-3450D08D25D5}.Debug|x64.ActiveCfg = Debug|x64
		{6BE9E64C-76C5-4B4F-9BE4-3450D08D25D5}.Debug|x64.Build.0 = Debug|x64
		{6BE9E64C-76C5-4B4F-9BE4-3450D08D25D5}.Debug|x64.Deploy.0 = Debug|x64
		{6BE9E64C-76C5-4B4F-9BE4-3450D08D25D5}.Debug|x86.ActiveCfg = Debug|x86
		{6BE9E64C-76C5-4B4F-9BE4-3450D08D25D5}.Debug|x86.Build.0 = Debug|x86
		{6BE9E64C-76C5-4B4F-9BE4-3450D08D25D5}.Debug|x86.Deploy.0 = Debug|x86
		{6BE9E64C-76C5-4B4F-9BE4-3450D08D25D5}.Release|Any CPU.ActiveCfg = Release|x86
		{6BE9E64C-76C5-4B4F-9BE4-3450D08D25D5}.Release|ARM.ActiveCfg = Release|ARM
		{6BE9E64C-76C5-4B4F-9BE4-3450D08D25D5}.Release|ARM.Build.0 = Release|ARM
		{6BE9E64C-76C5-4B4F-9BE4-3450D08D25D5}.Release|ARM.Deploy.0 = Release|ARM
		{6BE9E64C-76C5-4B4F-9BE4-3450D08D25D5}.Release|ARM64.ActiveCfg = Release|ARM64
		{6BE9E64C-76C5-4B4F-9BE4-3450D08D25D5}.Release|ARM64.Build.0 = Release|ARM64
		{6BE9E64C-76C5-4B4F-9BE4-3450D08D25D5}.Release|ARM64.Deploy.0 = Release|ARM64
		{6BE9E64C-76C5-4B4F-9BE4-3450D08D25D5}.Release|x64.ActiveCfg = Release|x64
		{6BE9E64C-76C5-4B4F-9BE4-3450D08D25D5}.Release|x64.Build.0 = Release|x64
		{6BE9E64C-76C5-4B4F-9BE4-3450D08D25D5}.Release|x64.Deploy.0 = Release|x64
		{6BE9E64C-76C5-4B4F-9BE4-3450D08D25D5}.Release|x86.ActiveCfg = Release|x86
		{6BE9E64C-76C5-4B4F-9BE4-3450D08D25D5}.Release|x86.Build.0 = Release|x86
		{6BE9E64C-76C5-4B4F-9BE4-3450D08D25D5}.Release|x86.Deploy.0 = Release|x86
		{F6B57A33-866E-4189-B93D-0FA270E156E5}.Debug|Any CPU.ActiveCfg = Debug|Any CPU
		{F6B57A33-866E-4189-B93D-0FA270E156E5}.Debug|Any CPU.Build.0 = Debug|Any CPU
		{F6B57A33-866E-4189-B93D-0FA270E156E5}.Debug|ARM.ActiveCfg = Debug|Any CPU
		{F6B57A33-866E-4189-B93D-0FA270E156E5}.Debug|ARM.Build.0 = Debug|Any CPU
		{F6B57A33-866E-4189-B93D-0FA270E156E5}.Debug|ARM64.ActiveCfg = Debug|Any CPU
		{F6B57A33-866E-4189-B93D-0FA270E156E5}.Debug|ARM64.Build.0 = Debug|Any CPU
		{F6B57A33-866E-4189-B93D-0FA270E156E5}.Debug|x64.ActiveCfg = Debug|Any CPU
		{F6B57A33-866E-4189-B93D-0FA270E156E5}.Debug|x64.Build.0 = Debug|Any CPU
		{F6B57A33-866E-4189-B93D-0FA270E156E5}.Debug|x86.ActiveCfg = Debug|Any CPU
		{F6B57A33-866E-4189-B93D-0FA270E156E5}.Debug|x86.Build.0 = Debug|Any CPU
		{F6B57A33-866E-4189-B93D-0FA270E156E5}.Release|Any CPU.ActiveCfg = Release|Any CPU
		{F6B57A33-866E-4189-B93D-0FA270E156E5}.Release|Any CPU.Build.0 = Release|Any CPU
		{F6B57A33-866E-4189-B93D-0FA270E156E5}.Release|ARM.ActiveCfg = Release|Any CPU
		{F6B57A33-866E-4189-B93D-0FA270E156E5}.Release|ARM.Build.0 = Release|Any CPU
		{F6B57A33-866E-4189-B93D-0FA270E156E5}.Release|ARM64.ActiveCfg = Release|Any CPU
		{F6B57A33-866E-4189-B93D-0FA270E156E5}.Release|ARM64.Build.0 = Release|Any CPU
		{F6B57A33-866E-4189-B93D-0FA270E156E5}.Release|x64.ActiveCfg = Release|Any CPU
		{F6B57A33-866E-4189-B93D-0FA270E156E5}.Release|x64.Build.0 = Release|Any CPU
		{F6B57A33-866E-4189-B93D-0FA270E156E5}.Release|x86.ActiveCfg = Release|Any CPU
		{F6B57A33-866E-4189-B93D-0FA270E156E5}.Release|x86.Build.0 = Release|Any CPU
	EndGlobalSection
	GlobalSection(SolutionProperties) = preSolution
		HideSolutionNode = FALSE
	EndGlobalSection
	GlobalSection(ExtensibilityGlobals) = postSolution
		SolutionGuid = {586E1519-F2C6-4E29-9A0F-164DA1894D19}
	EndGlobalSection
EndGlobal
